// !$*UTF8*$!
{
	archiveVersion = 1;
	classes = {
	};
	objectVersion = 46;
	objects = {

/* Begin PBXBuildFile section */
		186374DD194E7B20009489A4 /* Foundation.framework in Frameworks */ = {isa = PBXBuildFile; fileRef = 186374DC194E7B20009489A4 /* Foundation.framework */; };
		186374DF194E7B20009489A4 /* CoreGraphics.framework in Frameworks */ = {isa = PBXBuildFile; fileRef = 186374DE194E7B20009489A4 /* CoreGraphics.framework */; };
		186374E1194E7B20009489A4 /* UIKit.framework in Frameworks */ = {isa = PBXBuildFile; fileRef = 186374E0194E7B20009489A4 /* UIKit.framework */; };
		186374E7194E7B20009489A4 /* InfoPlist.strings in Resources */ = {isa = PBXBuildFile; fileRef = 186374E5194E7B20009489A4 /* InfoPlist.strings */; };
		186374E9194E7B20009489A4 /* main.m in Sources */ = {isa = PBXBuildFile; fileRef = 186374E8194E7B20009489A4 /* main.m */; };
		186374ED194E7B20009489A4 /* AppDelegate.m in Sources */ = {isa = PBXBuildFile; fileRef = 186374EC194E7B20009489A4 /* AppDelegate.m */; };
		186374EF194E7B20009489A4 /* Images.xcassets in Resources */ = {isa = PBXBuildFile; fileRef = 186374EE194E7B20009489A4 /* Images.xcassets */; };
		186374F6194E7B20009489A4 /* XCTest.framework in Frameworks */ = {isa = PBXBuildFile; fileRef = 186374F5194E7B20009489A4 /* XCTest.framework */; };
		186374F7194E7B20009489A4 /* Foundation.framework in Frameworks */ = {isa = PBXBuildFile; fileRef = 186374DC194E7B20009489A4 /* Foundation.framework */; };
		186374F8194E7B20009489A4 /* UIKit.framework in Frameworks */ = {isa = PBXBuildFile; fileRef = 186374E0194E7B20009489A4 /* UIKit.framework */; };
		18637500194E7B20009489A4 /* InfoPlist.strings in Resources */ = {isa = PBXBuildFile; fileRef = 186374FE194E7B20009489A4 /* InfoPlist.strings */; };
		18637502194E7B20009489A4 /* BestvSoccerTests.m in Sources */ = {isa = PBXBuildFile; fileRef = 18637501194E7B20009489A4 /* BestvSoccerTests.m */; };
/* End PBXBuildFile section */

/* Begin PBXContainerItemProxy section */
		186374F9194E7B20009489A4 /* PBXContainerItemProxy */ = {
			isa = PBXContainerItemProxy;
			containerPortal = 186374D1194E7B20009489A4 /* Project object */;
			proxyType = 1;
			remoteGlobalIDString = 186374D8194E7B20009489A4;
			remoteInfo = BestvSoccer;
		};
/* End PBXContainerItemProxy section */

/* Begin PBXFileReference section */
		186374D9194E7B20009489A4 /* BestvSoccer.app */ = {isa = PBXFileReference; explicitFileType = wrapper.application; includeInIndex = 0; path = BestvSoccer.app; sourceTree = BUILT_PRODUCTS_DIR; };
		186374DC194E7B20009489A4 /* Foundation.framework */ = {isa = PBXFileReference; lastKnownFileType = wrapper.framework; name = Foundation.framework; path = System/Library/Frameworks/Foundation.framework; sourceTree = SDKROOT; };
		186374DE194E7B20009489A4 /* CoreGraphics.framework */ = {isa = PBXFileReference; lastKnownFileType = wrapper.framework; name = CoreGraphics.framework; path = System/Library/Frameworks/CoreGraphics.framework; sourceTree = SDKROOT; };
		186374E0194E7B20009489A4 /* UIKit.framework */ = {isa = PBXFileReference; lastKnownFileType = wrapper.framework; name = UIKit.framework; path = System/Library/Frameworks/UIKit.framework; sourceTree = SDKROOT; };
		186374E4194E7B20009489A4 /* BestvSoccer-Info.plist */ = {isa = PBXFileReference; lastKnownFileType = text.plist.xml; path = "BestvSoccer-Info.plist"; sourceTree = "<group>"; };
		186374E6194E7B20009489A4 /* en */ = {isa = PBXFileReference; lastKnownFileType = text.plist.strings; name = en; path = en.lproj/InfoPlist.strings; sourceTree = "<group>"; };
		186374E8194E7B20009489A4 /* main.m */ = {isa = PBXFileReference; lastKnownFileType = sourcecode.c.objc; path = main.m; sourceTree = "<group>"; };
		186374EA194E7B20009489A4 /* BestvSoccer-Prefix.pch */ = {isa = PBXFileReference; lastKnownFileType = sourcecode.c.h; path = "BestvSoccer-Prefix.pch"; sourceTree = "<group>"; };
		186374EB194E7B20009489A4 /* AppDelegate.h */ = {isa = PBXFileReference; lastKnownFileType = sourcecode.c.h; path = AppDelegate.h; sourceTree = "<group>"; };
		186374EC194E7B20009489A4 /* AppDelegate.m */ = {isa = PBXFileReference; lastKnownFileType = sourcecode.c.objc; path = AppDelegate.m; sourceTree = "<group>"; };
		186374EE194E7B20009489A4 /* Images.xcassets */ = {isa = PBXFileReference; lastKnownFileType = folder.assetcatalog; path = Images.xcassets; sourceTree = "<group>"; };
		186374F4194E7B20009489A4 /* BestvSoccerTests.xctest */ = {isa = PBXFileReference; explicitFileType = wrapper.cfbundle; includeInIndex = 0; path = BestvSoccerTests.xctest; sourceTree = BUILT_PRODUCTS_DIR; };
		186374F5194E7B20009489A4 /* XCTest.framework */ = {isa = PBXFileReference; lastKnownFileType = wrapper.framework; name = XCTest.framework; path = Library/Frameworks/XCTest.framework; sourceTree = DEVELOPER_DIR; };
		186374FD194E7B20009489A4 /* BestvSoccerTests-Info.plist */ = {isa = PBXFileReference; lastKnownFileType = text.plist.xml; path = "BestvSoccerTests-Info.plist"; sourceTree = "<group>"; };
		186374FF194E7B20009489A4 /* en */ = {isa = PBXFileReference; lastKnownFileType = text.plist.strings; name = en; path = en.lproj/InfoPlist.strings; sourceTree = "<group>"; };
		18637501194E7B20009489A4 /* BestvSoccerTests.m */ = {isa = PBXFileReference; lastKnownFileType = sourcecode.c.objc; path = BestvSoccerTests.m; sourceTree = "<group>"; };
/* End PBXFileReference section */

/* Begin PBXFrameworksBuildPhase section */
		186374D6194E7B20009489A4 /* Frameworks */ = {
			isa = PBXFrameworksBuildPhase;
			buildActionMask = 2147483647;
			files = (
				186374DF194E7B20009489A4 /* CoreGraphics.framework in Frameworks */,
				186374E1194E7B20009489A4 /* UIKit.framework in Frameworks */,
				186374DD194E7B20009489A4 /* Foundation.framework in Frameworks */,
			);
			runOnlyForDeploymentPostprocessing = 0;
		};
		186374F1194E7B20009489A4 /* Frameworks */ = {
			isa = PBXFrameworksBuildPhase;
			buildActionMask = 2147483647;
			files = (
				186374F6194E7B20009489A4 /* XCTest.framework in Frameworks */,
				186374F8194E7B20009489A4 /* UIKit.framework in Frameworks */,
				186374F7194E7B20009489A4 /* Foundation.framework in Frameworks */,
			);
			runOnlyForDeploymentPostprocessing = 0;
		};
/* End PBXFrameworksBuildPhase section */

/* Begin PBXGroup section */
		186374D0194E7B20009489A4 = {
			isa = PBXGroup;
			children = (
				186374E2194E7B20009489A4 /* BestvSoccer */,
				186374FB194E7B20009489A4 /* BestvSoccerTests */,
				186374DB194E7B20009489A4 /* Frameworks */,
				186374DA194E7B20009489A4 /* Products */,
			);
			sourceTree = "<group>";
		};
		186374DA194E7B20009489A4 /* Products */ = {
			isa = PBXGroup;
			children = (
				186374D9194E7B20009489A4 /* BestvSoccer.app */,
				186374F4194E7B20009489A4 /* BestvSoccerTests.xctest */,
			);
			name = Products;
			sourceTree = "<group>";
		};
		186374DB194E7B20009489A4 /* Frameworks */ = {
			isa = PBXGroup;
			children = (
				186374DC194E7B20009489A4 /* Foundation.framework */,
				186374DE194E7B20009489A4 /* CoreGraphics.framework */,
				186374E0194E7B20009489A4 /* UIKit.framework */,
				186374F5194E7B20009489A4 /* XCTest.framework */,
			);
			name = Frameworks;
			sourceTree = "<group>";
		};
		186374E2194E7B20009489A4 /* BestvSoccer */ = {
			isa = PBXGroup;
			children = (
				186374EB194E7B20009489A4 /* AppDelegate.h */,
				186374EC194E7B20009489A4 /* AppDelegate.m */,
				186374EE194E7B20009489A4 /* Images.xcassets */,
				186374E3194E7B20009489A4 /* Supporting Files */,
			);
			path = BestvSoccer;
			sourceTree = "<group>";
		};
		186374E3194E7B20009489A4 /* Supporting Files */ = {
			isa = PBXGroup;
			children = (
				186374E4194E7B20009489A4 /* BestvSoccer-Info.plist */,
				186374E5194E7B20009489A4 /* InfoPlist.strings */,
				186374E8194E7B20009489A4 /* main.m */,
				186374EA194E7B20009489A4 /* BestvSoccer-Prefix.pch */,
			);
			name = "Supporting Files";
			sourceTree = "<group>";
		};
		186374FB194E7B20009489A4 /* BestvSoccerTests */ = {
			isa = PBXGroup;
			children = (
				18637501194E7B20009489A4 /* BestvSoccerTests.m */,
				186374FC194E7B20009489A4 /* Supporting Files */,
			);
			path = BestvSoccerTests;
			sourceTree = "<group>";
		};
		186374FC194E7B20009489A4 /* Supporting Files */ = {
			isa = PBXGroup;
			children = (
				186374FD194E7B20009489A4 /* BestvSoccerTests-Info.plist */,
				186374FE194E7B20009489A4 /* InfoPlist.strings */,
			);
			name = "Supporting Files";
			sourceTree = "<group>";
		};
/* End PBXGroup section */

/* Begin PBXNativeTarget section */
		186374D8194E7B20009489A4 /* BestvSoccer */ = {
			isa = PBXNativeTarget;
			buildConfigurationList = 18637505194E7B20009489A4 /* Build configuration list for PBXNativeTarget "BestvSoccer" */;
			buildPhases = (
				186374D5194E7B20009489A4 /* Sources */,
				186374D6194E7B20009489A4 /* Frameworks */,
				186374D7194E7B20009489A4 /* Resources */,
			);
			buildRules = (
			);
			dependencies = (
			);
			name = BestvSoccer;
			productName = BestvSoccer;
			productReference = 186374D9194E7B20009489A4 /* BestvSoccer.app */;
			productType = "com.apple.product-type.application";
		};
		186374F3194E7B20009489A4 /* BestvSoccerTests */ = {
			isa = PBXNativeTarget;
			buildConfigurationList = 18637508194E7B20009489A4 /* Build configuration list for PBXNativeTarget "BestvSoccerTests" */;
			buildPhases = (
				186374F0194E7B20009489A4 /* Sources */,
				186374F1194E7B20009489A4 /* Frameworks */,
				186374F2194E7B20009489A4 /* Resources */,
			);
			buildRules = (
			);
			dependencies = (
				186374FA194E7B20009489A4 /* PBXTargetDependency */,
			);
			name = BestvSoccerTests;
			productName = BestvSoccerTests;
			productReference = 186374F4194E7B20009489A4 /* BestvSoccerTests.xctest */;
			productType = "com.apple.product-type.bundle.unit-test";
		};
/* End PBXNativeTarget section */

/* Begin PBXProject section */
		186374D1194E7B20009489A4 /* Project object */ = {
			isa = PBXProject;
			attributes = {
				LastUpgradeCheck = 0510;
				ORGANIZATIONNAME = xxy;
				TargetAttributes = {
					186374F3194E7B20009489A4 = {
						TestTargetID = 186374D8194E7B20009489A4;
					};
				};
			};
			buildConfigurationList = 186374D4194E7B20009489A4 /* Build configuration list for PBXProject "BestvSoccer" */;
			compatibilityVersion = "Xcode 3.2";
			developmentRegion = English;
			hasScannedForEncodings = 0;
			knownRegions = (
				en,
			);
			mainGroup = 186374D0194E7B20009489A4;
			productRefGroup = 186374DA194E7B20009489A4 /* Products */;
			projectDirPath = "";
			projectRoot = "";
			targets = (
				186374D8194E7B20009489A4 /* BestvSoccer */,
				186374F3194E7B20009489A4 /* BestvSoccerTests */,
			);
		};
/* End PBXProject section */

/* Begin PBXResourcesBuildPhase section */
		186374D7194E7B20009489A4 /* Resources */ = {
			isa = PBXResourcesBuildPhase;
			buildActionMask = 2147483647;
			files = (
				186374E7194E7B20009489A4 /* InfoPlist.strings in Resources */,
				186374EF194E7B20009489A4 /* Images.xcassets in Resources */,
			);
			runOnlyForDeploymentPostprocessing = 0;
		};
		186374F2194E7B20009489A4 /* Resources */ = {
			isa = PBXResourcesBuildPhase;
			buildActionMask = 2147483647;
			files = (
				18637500194E7B20009489A4 /* InfoPlist.strings in Resources */,
			);
			runOnlyForDeploymentPostprocessing = 0;
		};
/* End PBXResourcesBuildPhase section */

/* Begin PBXSourcesBuildPhase section */
		186374D5194E7B20009489A4 /* Sources */ = {
			isa = PBXSourcesBuildPhase;
			buildActionMask = 2147483647;
			files = (
				186374ED194E7B20009489A4 /* AppDelegate.m in Sources */,
				186374E9194E7B20009489A4 /* main.m in Sources */,
			);
			runOnlyForDeploymentPostprocessing = 0;
		};
		186374F0194E7B20009489A4 /* Sources */ = {
			isa = PBXSourcesBuildPhase;
			buildActionMask = 2147483647;
			files = (
				18637502194E7B20009489A4 /* BestvSoccerTests.m in Sources */,
			);
			runOnlyForDeploymentPostprocessing = 0;
		};
/* End PBXSourcesBuildPhase section */

/* Begin PBXTargetDependency section */
		186374FA194E7B20009489A4 /* PBXTargetDependency */ = {
			isa = PBXTargetDependency;
			target = 186374D8194E7B20009489A4 /* BestvSoccer */;
			targetProxy = 186374F9194E7B20009489A4 /* PBXContainerItemProxy */;
		};
/* End PBXTargetDependency section */

/* Begin PBXVariantGroup section */
		186374E5194E7B20009489A4 /* InfoPlist.strings */ = {
			isa = PBXVariantGroup;
			children = (
				186374E6194E7B20009489A4 /* en */,
			);
			name = InfoPlist.strings;
			sourceTree = "<group>";
		};
		186374FE194E7B20009489A4 /* InfoPlist.strings */ = {
			isa = PBXVariantGroup;
			children = (
				186374FF194E7B20009489A4 /* en */,
			);
			name = InfoPlist.strings;
			sourceTree = "<group>";
		};
/* End PBXVariantGroup section */

/* Begin XCBuildConfiguration section */
		18637503194E7B20009489A4 /* Debug */ = {
			isa = XCBuildConfiguration;
			buildSettings = {
				ALWAYS_SEARCH_USER_PATHS = NO;
				CLANG_CXX_LANGUAGE_STANDARD = "gnu++0x";
				CLANG_CXX_LIBRARY = "libc++";
				CLANG_ENABLE_MODULES = YES;
				CLANG_ENABLE_OBJC_ARC = YES;
				CLANG_WARN_BOOL_CONVERSION = YES;
				CLANG_WARN_CONSTANT_CONVERSION = YES;
				CLANG_WARN_DIRECT_OBJC_ISA_USAGE = YES_ERROR;
				CLANG_WARN_EMPTY_BODY = YES;
				CLANG_WARN_ENUM_CONVERSION = YES;
				CLANG_WARN_INT_CONVERSION = YES;
				CLANG_WARN_OBJC_ROOT_CLASS = YES_ERROR;
				CLANG_WARN__DUPLICATE_METHOD_MATCH = YES;
				"CODE_SIGN_IDENTITY[sdk=iphoneos*]" = "iPhone Developer";
				COPY_PHASE_STRIP = NO;
				GCC_C_LANGUAGE_STANDARD = gnu99;
				GCC_DYNAMIC_NO_PIC = NO;
				GCC_OPTIMIZATION_LEVEL = 0;
				GCC_PREPROCESSOR_DEFINITIONS = (
					"DEBUG=1",
					"$(inherited)",
				);
				GCC_SYMBOLS_PRIVATE_EXTERN = NO;
				GCC_WARN_64_TO_32_BIT_CONVERSION = YES;
				GCC_WARN_ABOUT_RETURN_TYPE = YES_ERROR;
				GCC_WARN_UNDECLARED_SELECTOR = YES;
				GCC_WARN_UNINITIALIZED_AUTOS = YES_AGGRESSIVE;
				GCC_WARN_UNUSED_FUNCTION = YES;
				GCC_WARN_UNUSED_VARIABLE = YES;
				IPHONEOS_DEPLOYMENT_TARGET = 7.1;
				ONLY_ACTIVE_ARCH = YES;
				SDKROOT = iphoneos;
			};
			name = Debug;
		};
		18637504194E7B20009489A4 /* Release */ = {
			isa = XCBuildConfiguration;
			buildSettings = {
				ALWAYS_SEARCH_USER_PATHS = NO;
				CLANG_CXX_LANGUAGE_STANDARD = "gnu++0x";
				CLANG_CXX_LIBRARY = "libc++";
				CLANG_ENABLE_MODULES = YES;
				CLANG_ENABLE_OBJC_ARC = YES;
				CLANG_WARN_BOOL_CONVERSION = YES;
				CLANG_WARN_CONSTANT_CONVERSION = YES;
				CLANG_WARN_DIRECT_OBJC_ISA_USAGE = YES_ERROR;
				CLANG_WARN_EMPTY_BODY = YES;
				CLANG_WARN_ENUM_CONVERSION = YES;
				CLANG_WARN_INT_CONVERSION = YES;
				CLANG_WARN_OBJC_ROOT_CLASS = YES_ERROR;
				CLANG_WARN__DUPLICATE_METHOD_MATCH = YES;
				"CODE_SIGN_IDENTITY[sdk=iphoneos*]" = "iPhone Developer";
				COPY_PHASE_STRIP = YES;
				ENABLE_NS_ASSERTIONS = NO;
				GCC_C_LANGUAGE_STANDARD = gnu99;
				GCC_WARN_64_TO_32_BIT_CONVERSION = YES;
				GCC_WARN_ABOUT_RETURN_TYPE = YES_ERROR;
				GCC_WARN_UNDECLARED_SELECTOR = YES;
				GCC_WARN_UNINITIALIZED_AUTOS = YES_AGGRESSIVE;
				GCC_WARN_UNUSED_FUNCTION = YES;
				GCC_WARN_UNUSED_VARIABLE = YES;
				IPHONEOS_DEPLOYMENT_TARGET = 7.1;
				SDKROOT = iphoneos;
				VALIDATE_PRODUCT = YES;
			};
			name = Release;
		};
		18637506194E7B20009489A4 /* Debug */ = {
			isa = XCBuildConfiguration;
			buildSettings = {
				ASSETCATALOG_COMPILER_APPICON_NAME = AppIcon;
				ASSETCATALOG_COMPILER_LAUNCHIMAGE_NAME = LaunchImage;
				GCC_PRECOMPILE_PREFIX_HEADER = YES;
				GCC_PREFIX_HEADER = "BestvSoccer/BestvSoccer-Prefix.pch";
				INFOPLIST_FILE = "BestvSoccer/BestvSoccer-Info.plist";
				PRODUCT_NAME = "$(TARGET_NAME)";
				WRAPPER_EXTENSION = app;
			};
			name = Debug;
		};
		18637507194E7B20009489A4 /* Release */ = {
			isa = XCBuildConfiguration;
			buildSettings = {
				ASSETCATALOG_COMPILER_APPICON_NAME = AppIcon;
				ASSETCATALOG_COMPILER_LAUNCHIMAGE_NAME = LaunchImage;
				GCC_PRECOMPILE_PREFIX_HEADER = YES;
				GCC_PREFIX_HEADER = "BestvSoccer/BestvSoccer-Prefix.pch";
				INFOPLIST_FILE = "BestvSoccer/BestvSoccer-Info.plist";
				PRODUCT_NAME = "$(TARGET_NAME)";
				WRAPPER_EXTENSION = app;
			};
			name = Release;
		};
		18637509194E7B20009489A4 /* Debug */ = {
			isa = XCBuildConfiguration;
			buildSettings = {
				BUNDLE_LOADER = "$(BUILT_PRODUCTS_DIR)/BestvSoccer.app/BestvSoccer";
				FRAMEWORK_SEARCH_PATHS = (
					"$(SDKROOT)/Developer/Library/Frameworks",
					"$(inherited)",
					"$(DEVELOPER_FRAMEWORKS_DIR)",
				);
				GCC_PRECOMPILE_PREFIX_HEADER = YES;
				GCC_PREFIX_HEADER = "BestvSoccer/BestvSoccer-Prefix.pch";
				GCC_PREPROCESSOR_DEFINITIONS = (
					"DEBUG=1",
					"$(inherited)",
				);
				INFOPLIST_FILE = "BestvSoccerTests/BestvSoccerTests-Info.plist";
				PRODUCT_NAME = "$(TARGET_NAME)";
				TEST_HOST = "$(BUNDLE_LOADER)";
				WRAPPER_EXTENSION = xctest;
			};
			name = Debug;
		};
		1863750A194E7B20009489A4 /* Release */ = {
			isa = XCBuildConfiguration;
			buildSettings = {
				BUNDLE_LOADER = "$(BUILT_PRODUCTS_DIR)/BestvSoccer.app/BestvSoccer";
				FRAMEWORK_SEARCH_PATHS = (
					"$(SDKROOT)/Developer/Library/Frameworks",
					"$(inherited)",
					"$(DEVELOPER_FRAMEWORKS_DIR)",
				);
				GCC_PRECOMPILE_PREFIX_HEADER = YES;
				GCC_PREFIX_HEADER = "BestvSoccer/BestvSoccer-Prefix.pch";
				INFOPLIST_FILE = "BestvSoccerTests/BestvSoccerTests-Info.plist";
				PRODUCT_NAME = "$(TARGET_NAME)";
				TEST_HOST = "$(BUNDLE_LOADER)";
				WRAPPER_EXTENSION = xctest;
			};
			name = Release;
		};
/* End XCBuildConfiguration section */

/* Begin XCConfigurationList section */
		186374D4194E7B20009489A4 /* Build configuration list for PBXProject "BestvSoccer" */ = {
			isa = XCConfigurationList;
			buildConfigurations = (
				18637503194E7B20009489A4 /* Debug */,
				18637504194E7B20009489A4 /* Release */,
			);
			defaultConfigurationIsVisible = 0;
			defaultConfigurationName = Release;
		};
		18637505194E7B20009489A4 /* Build configuration list for PBXNativeTarget "BestvSoccer" */ = {
			isa = XCConfigurationList;
			buildConfigurations = (
				18637506194E7B20009489A4 /* Debug */,
				18637507194E7B20009489A4 /* Release */,
			);
			defaultConfigurationIsVisible = 0;
		};
		18637508194E7B20009489A4 /* Build configuration list for PBXNativeTarget "BestvSoccerTests" */ = {
			isa = XCConfigurationList;
			buildConfigurations = (
				18637509194E7B20009489A4 /* Debug */,
				1863750A194E7B20009489A4 /* Release */,
			);
			defaultConfigurationIsVisible = 0;
		};
/* End XCConfigurationList section */
	};
	rootObject = 186374D1194E7B20009489A4 /* Project object */;
}
